// !$*UTF8*$!
{
	archiveVersion = 1;
	classes = {
	};
	objectVersion = 50;
	objects = {

/* Begin PBXBuildFile section */
		E1B297822305F7E400343580 /* AppDelegate.swift in Sources */ = {isa = PBXBuildFile; fileRef = E1B297812305F7E400343580 /* AppDelegate.swift */; };
		E1B297842305F7E400343580 /* SceneDelegate.swift in Sources */ = {isa = PBXBuildFile; fileRef = E1B297832305F7E400343580 /* SceneDelegate.swift */; };
		E1B297862305F7E400343580 /* ViewController.swift in Sources */ = {isa = PBXBuildFile; fileRef = E1B297852305F7E400343580 /* ViewController.swift */; };
		E1B297892305F7E400343580 /* Main.storyboard in Resources */ = {isa = PBXBuildFile; fileRef = E1B297872305F7E400343580 /* Main.storyboard */; };
		E1B2978B2305F7E500343580 /* Assets.xcassets in Resources */ = {isa = PBXBuildFile; fileRef = E1B2978A2305F7E500343580 /* Assets.xcassets */; };
		E1B2978E2305F7E500343580 /* LaunchScreen.storyboard in Resources */ = {isa = PBXBuildFile; fileRef = E1B2978C2305F7E500343580 /* LaunchScreen.storyboard */; };
		E1B2979623060F8A00343580 /* IntroScrollViewController.swift in Sources */ = {isa = PBXBuildFile; fileRef = E1B2979523060F8A00343580 /* IntroScrollViewController.swift */; };
		E1B4848E232603C8001DD1B7 /* MapModel.xcdatamodeld in Sources */ = {isa = PBXBuildFile; fileRef = E1B4848C232603C8001DD1B7 /* MapModel.xcdatamodeld */; };
		E1B59DD9230E867300E725B3 /* DrinksTableViewCell.swift in Sources */ = {isa = PBXBuildFile; fileRef = E1B59DD8230E867300E725B3 /* DrinksTableViewCell.swift */; };
		E1B59DDD230E978D00E725B3 /* DrinksListViewController.swift in Sources */ = {isa = PBXBuildFile; fileRef = E1B59DDC230E978D00E725B3 /* DrinksListViewController.swift */; };
		E1E81B97230A7E8F00D935C8 /* OrderDrinksTableViewController.swift in Sources */ = {isa = PBXBuildFile; fileRef = E1E81B96230A7E8F00D935C8 /* OrderDrinksTableViewController.swift */; };
		E1F08D122314CD9A0029A4DB /* 可不可.txt in Resources */ = {isa = PBXBuildFile; fileRef = E1F08D112314CD9A0029A4DB /* 可不可.txt */; };
		E1F08D1423179B730029A4DB /* DrinksStoreMap.swift in Sources */ = {isa = PBXBuildFile; fileRef = E1F08D1323179B730029A4DB /* DrinksStoreMap.swift */; };
		E1F54DF0230BC9320027F63D /* TeaData.swift in Sources */ = {isa = PBXBuildFile; fileRef = E1F54DEF230BC9320027F63D /* TeaData.swift */; };
/* End PBXBuildFile section */

/* Begin PBXFileReference section */
		E1B2977E2305F7E400343580 /* HappyOrderDrinks.app */ = {isa = PBXFileReference; explicitFileType = wrapper.application; includeInIndex = 0; path = HappyOrderDrinks.app; sourceTree = BUILT_PRODUCTS_DIR; };
		E1B297812305F7E400343580 /* AppDelegate.swift */ = {isa = PBXFileReference; lastKnownFileType = sourcecode.swift; path = AppDelegate.swift; sourceTree = "<group>"; };
		E1B297832305F7E400343580 /* SceneDelegate.swift */ = {isa = PBXFileReference; lastKnownFileType = sourcecode.swift; path = SceneDelegate.swift; sourceTree = "<group>"; };
		E1B297852305F7E400343580 /* ViewController.swift */ = {isa = PBXFileReference; lastKnownFileType = sourcecode.swift; path = ViewController.swift; sourceTree = "<group>"; };
		E1B297882305F7E400343580 /* Base */ = {isa = PBXFileReference; lastKnownFileType = file.storyboard; name = Base; path = Base.lproj/Main.storyboard; sourceTree = "<group>"; };
		E1B2978A2305F7E500343580 /* Assets.xcassets */ = {isa = PBXFileReference; lastKnownFileType = folder.assetcatalog; path = Assets.xcassets; sourceTree = "<group>"; };
		E1B2978D2305F7E500343580 /* Base */ = {isa = PBXFileReference; lastKnownFileType = file.storyboard; name = Base; path = Base.lproj/LaunchScreen.storyboard; sourceTree = "<group>"; };
		E1B2978F2305F7E500343580 /* Info.plist */ = {isa = PBXFileReference; lastKnownFileType = text.plist.xml; path = Info.plist; sourceTree = "<group>"; };
		E1B2979523060F8A00343580 /* IntroScrollViewController.swift */ = {isa = PBXFileReference; lastKnownFileType = sourcecode.swift; path = IntroScrollViewController.swift; sourceTree = "<group>"; };
		E1B4848D232603C8001DD1B7 /* MapModel.xcdatamodel */ = {isa = PBXFileReference; lastKnownFileType = wrapper.xcdatamodel; path = MapModel.xcdatamodel; sourceTree = "<group>"; };
		E1B59DD8230E867300E725B3 /* DrinksTableViewCell.swift */ = {isa = PBXFileReference; lastKnownFileType = sourcecode.swift; path = DrinksTableViewCell.swift; sourceTree = "<group>"; };
		E1B59DDC230E978D00E725B3 /* DrinksListViewController.swift */ = {isa = PBXFileReference; lastKnownFileType = sourcecode.swift; path = DrinksListViewController.swift; sourceTree = "<group>"; };
		E1E81B96230A7E8F00D935C8 /* OrderDrinksTableViewController.swift */ = {isa = PBXFileReference; lastKnownFileType = sourcecode.swift; path = OrderDrinksTableViewController.swift; sourceTree = "<group>"; };
		E1F08D112314CD9A0029A4DB /* 可不可.txt */ = {isa = PBXFileReference; fileEncoding = 4; lastKnownFileType = text; path = "可不可.txt"; sourceTree = "<group>"; };
		E1F08D1323179B730029A4DB /* DrinksStoreMap.swift */ = {isa = PBXFileReference; lastKnownFileType = sourcecode.swift; path = DrinksStoreMap.swift; sourceTree = "<group>"; };
		E1F54DEF230BC9320027F63D /* TeaData.swift */ = {isa = PBXFileReference; lastKnownFileType = sourcecode.swift; path = TeaData.swift; sourceTree = "<group>"; };
/* End PBXFileReference section */

/* Begin PBXFrameworksBuildPhase section */
		E1B2977B2305F7E400343580 /* Frameworks */ = {
			isa = PBXFrameworksBuildPhase;
			buildActionMask = 2147483647;
			files = (
			);
			runOnlyForDeploymentPostprocessing = 0;
		};
/* End PBXFrameworksBuildPhase section */

/* Begin PBXGroup section */
		E1B297752305F7E300343580 = {
			isa = PBXGroup;
			children = (
				E1B297802305F7E400343580 /* HappyOrderDrinks */,
				E1B2977F2305F7E400343580 /* Products */,
			);
			sourceTree = "<group>";
		};
		E1B2977F2305F7E400343580 /* Products */ = {
			isa = PBXGroup;
			children = (
				E1B2977E2305F7E400343580 /* HappyOrderDrinks.app */,
			);
			name = Products;
			sourceTree = "<group>";
		};
		E1B297802305F7E400343580 /* HappyOrderDrinks */ = {
			isa = PBXGroup;
			children = (
				E1F08D112314CD9A0029A4DB /* 可不可.txt */,
				E1B297812305F7E400343580 /* AppDelegate.swift */,
				E1B297832305F7E400343580 /* SceneDelegate.swift */,
				E1B297852305F7E400343580 /* ViewController.swift */,
				E1F08D1323179B730029A4DB /* DrinksStoreMap.swift */,
				E1B297872305F7E400343580 /* Main.storyboard */,
				E1B2978C2305F7E500343580 /* LaunchScreen.storyboard */,
				E1B59DDC230E978D00E725B3 /* DrinksListViewController.swift */,
				E1B59DD8230E867300E725B3 /* DrinksTableViewCell.swift */,
				E1E81B96230A7E8F00D935C8 /* OrderDrinksTableViewController.swift */,
				E1F54DEF230BC9320027F63D /* TeaData.swift */,
				E1B2979523060F8A00343580 /* IntroScrollViewController.swift */,
				E1B2978A2305F7E500343580 /* Assets.xcassets */,
				E1B4848C232603C8001DD1B7 /* MapModel.xcdatamodeld */,
				E1B2978F2305F7E500343580 /* Info.plist */,
			);
			path = HappyOrderDrinks;
			sourceTree = "<group>";
		};
/* End PBXGroup section */

/* Begin PBXNativeTarget section */
		E1B2977D2305F7E400343580 /* HappyOrderDrinks */ = {
			isa = PBXNativeTarget;
			buildConfigurationList = E1B297922305F7E500343580 /* Build configuration list for PBXNativeTarget "HappyOrderDrinks" */;
			buildPhases = (
				E1B2977A2305F7E400343580 /* Sources */,
				E1B2977B2305F7E400343580 /* Frameworks */,
				E1B2977C2305F7E400343580 /* Resources */,
			);
			buildRules = (
			);
			dependencies = (
			);
			name = HappyOrderDrinks;
			productName = HappyOrderDrinks;
			productReference = E1B2977E2305F7E400343580 /* HappyOrderDrinks.app */;
			productType = "com.apple.product-type.application";
		};
/* End PBXNativeTarget section */

/* Begin PBXProject section */
		E1B297762305F7E300343580 /* Project object */ = {
			isa = PBXProject;
			attributes = {
				LastSwiftUpdateCheck = 1100;
				LastUpgradeCheck = 1100;
				ORGANIZATIONNAME = "Julia Wang";
				TargetAttributes = {
					E1B2977D2305F7E400343580 = {
						CreatedOnToolsVersion = 11.0;
					};
				};
			};
			buildConfigurationList = E1B297792305F7E300343580 /* Build configuration list for PBXProject "HappyOrderDrinks" */;
			compatibilityVersion = "Xcode 9.3";
			developmentRegion = en;
			hasScannedForEncodings = 0;
			knownRegions = (
				en,
				Base,
			);
			mainGroup = E1B297752305F7E300343580;
			productRefGroup = E1B2977F2305F7E400343580 /* Products */;
			projectDirPath = "";
			projectRoot = "";
			targets = (
				E1B2977D2305F7E400343580 /* HappyOrderDrinks */,
			);
		};
/* End PBXProject section */

/* Begin PBXResourcesBuildPhase section */
		E1B2977C2305F7E400343580 /* Resources */ = {
			isa = PBXResourcesBuildPhase;
			buildActionMask = 2147483647;
			files = (
				E1F08D122314CD9A0029A4DB /* 可不可.txt in Resources */,
				E1B2978E2305F7E500343580 /* LaunchScreen.storyboard in Resources */,
				E1B2978B2305F7E500343580 /* Assets.xcassets in Resources */,
				E1B297892305F7E400343580 /* Main.storyboard in Resources */,
			);
			runOnlyForDeploymentPostprocessing = 0;
		};
/* End PBXResourcesBuildPhase section */

/* Begin PBXSourcesBuildPhase section */
		E1B2977A2305F7E400343580 /* Sources */ = {
			isa = PBXSourcesBuildPhase;
			buildActionMask = 2147483647;
			files = (
				E1F08D1423179B730029A4DB /* DrinksStoreMap.swift in Sources */,
				E1B2979623060F8A00343580 /* IntroScrollViewController.swift in Sources */,
				E1B59DD9230E867300E725B3 /* DrinksTableViewCell.swift in Sources */,
				E1B297862305F7E400343580 /* ViewController.swift in Sources */,
				E1B297822305F7E400343580 /* AppDelegate.swift in Sources */,
				E1E81B97230A7E8F00D935C8 /* OrderDrinksTableViewController.swift in Sources */,
				E1F54DF0230BC9320027F63D /* TeaData.swift in Sources */,
				E1B297842305F7E400343580 /* SceneDelegate.swift in Sources */,
				E1B4848E232603C8001DD1B7 /* MapModel.xcdatamodeld in Sources */,
				E1B59DDD230E978D00E725B3 /* DrinksListViewController.swift in Sources */,
			);
			runOnlyForDeploymentPostprocessing = 0;
		};
/* End PBXSourcesBuildPhase section */

/* Begin PBXVariantGroup section */
		E1B297872305F7E400343580 /* Main.storyboard */ = {
			isa = PBXVariantGroup;
			children = (
				E1B297882305F7E400343580 /* Base */,
			);
			name = Main.storyboard;
			sourceTree = "<group>";
		};
		E1B2978C2305F7E500343580 /* LaunchScreen.storyboard */ = {
			isa = PBXVariantGroup;
			children = (
				E1B2978D2305F7E500343580 /* Base */,
			);
			name = LaunchScreen.storyboard;
			sourceTree = "<group>";
		};
/* End PBXVariantGroup section */

/* Begin XCBuildConfiguration section */
		E1B297902305F7E500343580 /* Debug */ = {
			isa = XCBuildConfiguration;
			buildSettings = {
				ALWAYS_SEARCH_USER_PATHS = NO;
				CLANG_ANALYZER_NONNULL = YES;
				CLANG_ANALYZER_NUMBER_OBJECT_CONVERSION = YES_AGGRESSIVE;
				CLANG_CXX_LANGUAGE_STANDARD = "gnu++14";
				CLANG_CXX_LIBRARY = "libc++";
				CLANG_ENABLE_MODULES = YES;
				CLANG_ENABLE_OBJC_ARC = YES;
				CLANG_ENABLE_OBJC_WEAK = YES;
				CLANG_WARN_BLOCK_CAPTURE_AUTORELEASING = YES;
				CLANG_WARN_BOOL_CONVERSION = YES;
				CLANG_WARN_COMMA = YES;
				CLANG_WARN_CONSTANT_CONVERSION = YES;
				CLANG_WARN_DEPRECATED_OBJC_IMPLEMENTATIONS = YES;
				CLANG_WARN_DIRECT_OBJC_ISA_USAGE = YES_ERROR;
				CLANG_WARN_DOCUMENTATION_COMMENTS = YES;
				CLANG_WARN_EMPTY_BODY = YES;
				CLANG_WARN_ENUM_CONVERSION = YES;
				CLANG_WARN_INFINITE_RECURSION = YES;
				CLANG_WARN_INT_CONVERSION = YES;
				CLANG_WARN_NON_LITERAL_NULL_CONVERSION = YES;
				CLANG_WARN_OBJC_IMPLICIT_RETAIN_SELF = YES;
				CLANG_WARN_OBJC_LITERAL_CONVERSION = YES;
				CLANG_WARN_OBJC_ROOT_CLASS = YES_ERROR;
				CLANG_WARN_RANGE_LOOP_ANALYSIS = YES;
				CLANG_WARN_STRICT_PROTOTYPES = YES;
				CLANG_WARN_SUSPICIOUS_MOVE = YES;
				CLANG_WARN_UNGUARDED_AVAILABILITY = YES_AGGRESSIVE;
				CLANG_WARN_UNREACHABLE_CODE = YES;
				CLANG_WARN__DUPLICATE_METHOD_MATCH = YES;
				COPY_PHASE_STRIP = NO;
				DEBUG_INFORMATION_FORMAT = dwarf;
				ENABLE_STRICT_OBJC_MSGSEND = YES;
				ENABLE_TESTABILITY = YES;
				GCC_C_LANGUAGE_STANDARD = gnu11;
				GCC_DYNAMIC_NO_PIC = NO;
				GCC_NO_COMMON_BLOCKS = YES;
				GCC_OPTIMIZATION_LEVEL = 0;
				GCC_PREPROCESSOR_DEFINITIONS = (
					"DEBUG=1",
					"$(inherited)",
				);
				GCC_WARN_64_TO_32_BIT_CONVERSION = YES;
				GCC_WARN_ABOUT_RETURN_TYPE = YES_ERROR;
				GCC_WARN_UNDECLARED_SELECTOR = YES;
				GCC_WARN_UNINITIALIZED_AUTOS = YES_AGGRESSIVE;
				GCC_WARN_UNUSED_FUNCTION = YES;
				GCC_WARN_UNUSED_VARIABLE = YES;
				IPHONEOS_DEPLOYMENT_TARGET = 13.0;
				MTL_ENABLE_DEBUG_INFO = INCLUDE_SOURCE;
				MTL_FAST_MATH = YES;
				ONLY_ACTIVE_ARCH = YES;
				SDKROOT = iphoneos;
				SWIFT_ACTIVE_COMPILATION_CONDITIONS = DEBUG;
				SWIFT_OPTIMIZATION_LEVEL = "-Onone";
			};
			name = Debug;
		};
		E1B297912305F7E500343580 /* Release */ = {
			isa = XCBuildConfiguration;
			buildSettings = {
				ALWAYS_SEARCH_USER_PATHS = NO;
				CLANG_ANALYZER_NONNULL = YES;
				CLANG_ANALYZER_NUMBER_OBJECT_CONVERSION = YES_AGGRESSIVE;
				CLANG_CXX_LANGUAGE_STANDARD = "gnu++14";
				CLANG_CXX_LIBRARY = "libc++";
				CLANG_ENABLE_MODULES = YES;
				CLANG_ENABLE_OBJC_ARC = YES;
				CLANG_ENABLE_OBJC_WEAK = YES;
				CLANG_WARN_BLOCK_CAPTURE_AUTORELEASING = YES;
				CLANG_WARN_BOOL_CONVERSION = YES;
				CLANG_WARN_COMMA = YES;
				CLANG_WARN_CONSTANT_CONVERSION = YES;
				CLANG_WARN_DEPRECATED_OBJC_IMPLEMENTATIONS = YES;
				CLANG_WARN_DIRECT_OBJC_ISA_USAGE = YES_ERROR;
				CLANG_WARN_DOCUMENTATION_COMMENTS = YES;
				CLANG_WARN_EMPTY_BODY = YES;
				CLANG_WARN_ENUM_CONVERSION = YES;
				CLANG_WARN_INFINITE_RECURSION = YES;
				CLANG_WARN_INT_CONVERSION = YES;
				CLANG_WARN_NON_LITERAL_NULL_CONVERSION = YES;
				CLANG_WARN_OBJC_IMPLICIT_RETAIN_SELF = YES;
				CLANG_WARN_OBJC_LITERAL_CONVERSION = YES;
				CLANG_WARN_OBJC_ROOT_CLASS = YES_ERROR;
				CLANG_WARN_RANGE_LOOP_ANALYSIS = YES;
				CLANG_WARN_STRICT_PROTOTYPES = YES;
				CLANG_WARN_SUSPICIOUS_MOVE = YES;
				CLANG_WARN_UNGUARDED_AVAILABILITY = YES_AGGRESSIVE;
				CLANG_WARN_UNREACHABLE_CODE = YES;
				CLANG_WARN__DUPLICATE_METHOD_MATCH = YES;
				COPY_PHASE_STRIP = NO;
				DEBUG_INFORMATION_FORMAT = "dwarf-with-dsym";
				ENABLE_NS_ASSERTIONS = NO;
				ENABLE_STRICT_OBJC_MSGSEND = YES;
				GCC_C_LANGUAGE_STANDARD = gnu11;
				GCC_NO_COMMON_BLOCKS = YES;
				GCC_WARN_64_TO_32_BIT_CONVERSION = YES;
				GCC_WARN_ABOUT_RETURN_TYPE = YES_ERROR;
				GCC_WARN_UNDECLARED_SELECTOR = YES;
				GCC_WARN_UNINITIALIZED_AUTOS = YES_AGGRESSIVE;
				GCC_WARN_UNUSED_FUNCTION = YES;
				GCC_WARN_UNUSED_VARIABLE = YES;
				IPHONEOS_DEPLOYMENT_TARGET = 13.0;
				MTL_ENABLE_DEBUG_INFO = NO;
				MTL_FAST_MATH = YES;
				SDKROOT = iphoneos;
				SWIFT_COMPILATION_MODE = wholemodule;
				SWIFT_OPTIMIZATION_LEVEL = "-O";
				VALIDATE_PRODUCT = YES;
			};
			name = Release;
		};
		E1B297932305F7E500343580 /* Debug */ = {
			isa = XCBuildConfiguration;
			buildSettings = {
				ASSETCATALOG_COMPILER_APPICON_NAME = AppIcon;
				CODE_SIGN_STYLE = Automatic;
				DEVELOPMENT_TEAM = R3W6W2Y2SZ;
				INFOPLIST_FILE = HappyOrderDrinks/Info.plist;
				LD_RUNPATH_SEARCH_PATHS = (
					"$(inherited)",
					"@executable_path/Frameworks",
				);
				PRODUCT_BUNDLE_IDENTIFIER = "-120.HappyOrderDrinks";
				PRODUCT_NAME = "$(TARGET_NAME)";
				SWIFT_VERSION = 5.0;
				TARGETED_DEVICE_FAMILY = "1,2";
			};
			name = Debug;
		};
		E1B297942305F7E500343580 /* Release */ = {
			isa = XCBuildConfiguration;
			buildSettings = {
				ASSETCATALOG_COMPILER_APPICON_NAME = AppIcon;
				CODE_SIGN_STYLE = Automatic;
				DEVELOPMENT_TEAM = R3W6W2Y2SZ;
				INFOPLIST_FILE = HappyOrderDrinks/Info.plist;
				LD_RUNPATH_SEARCH_PATHS = (
					"$(inherited)",
					"@executable_path/Frameworks",
				);
				PRODUCT_BUNDLE_IDENTIFIER = "-120.HappyOrderDrinks";
				PRODUCT_NAME = "$(TARGET_NAME)";
				SWIFT_VERSION = 5.0;
				TARGETED_DEVICE_FAMILY = "1,2";
			};
			name = Release;
		};
/* End XCBuildConfiguration section */

/* Begin XCConfigurationList section */
		E1B297792305F7E300343580 /* Build configuration list for PBXProject "HappyOrderDrinks" */ = {
			isa = XCConfigurationList;
			buildConfigurations = (
				E1B297902305F7E500343580 /* Debug */,
				E1B297912305F7E500343580 /* Release */,
			);
			defaultConfigurationIsVisible = 0;
			defaultConfigurationName = Release;
		};
		E1B297922305F7E500343580 /* Build configuration list for PBXNativeTarget "HappyOrderDrinks" */ = {
			isa = XCConfigurationList;
			buildConfigurations = (
				E1B297932305F7E500343580 /* Debug */,
				E1B297942305F7E500343580 /* Release */,
			);
			defaultConfigurationIsVisible = 0;
			defaultConfigurationName = Release;
		};
/* End XCConfigurationList section */

/* Begin XCVersionGroup section */
		E1B4848C232603C8001DD1B7 /* MapModel.xcdatamodeld */ = {
			isa = XCVersionGroup;
			children = (
				E1B4848D232603C8001DD1B7 /* MapModel.xcdatamodel */,
			);
			currentVersion = E1B4848D232603C8001DD1B7 /* MapModel.xcdatamodel */;
			path = MapModel.xcdatamodeld;
			sourceTree = "<group>";
			versionGroupType = wrapper.xcdatamodel;
		};
/* End XCVersionGroup section */
	};
	rootObject = E1B297762305F7E300343580 /* Project object */;
}
